
Microsoft Visual Studio Solution File, Format Version 12.00
# Visual Studio Version 16
VisualStudioVersion = 16.0.31702.278
MinimumVisualStudioVersion = 10.0.40219.1
Project("{F2A71F9B-5D33-465A-A702-920D77279786}") = "AdventOfCode2021", "AdventOfCode2021.fsproj", "{83934E3F-E872-4DE6-A5BD-143B8BAB6E4A}"
EndProject
Project("{F2A71F9B-5D33-465A-A702-920D77279786}") = "2025", "2025\2025.fsproj", "{1255077B-029C-49BB-8DA7-4600A70BE90C}"
EndProject
Global
	GlobalSection(SolutionConfigurationPlatforms) = preSolution
		Debug|Any CPU = Debug|Any CPU
		Release|Any CPU = Release|Any CPU
	EndGlobalSection
	GlobalSection(ProjectConfigurationPlatforms) = postSolution
		{83934E3F-E872-4DE6-A5BD-143B8BAB6E4A}.Debug|Any CPU.ActiveCfg = Debug|Any CPU
		{83934E3F-E872-4DE6-A5BD-143B8BAB6E4A}.Debug|Any CPU.Build.0 = Debug|Any CPU
		{83934E3F-E872-4DE6-A5BD-143B8BAB6E4A}.Release|Any CPU.ActiveCfg = Release|Any CPU
		{83934E3F-E872-4DE6-A5BD-143B8BAB6E4A}.Release|Any CPU.Build.0 = Release|Any CPU
		{1255077B-029C-49BB-8DA7-4600A70BE90C}.Debug|Any CPU.ActiveCfg = Debug|Any CPU
		{1255077B-029C-49BB-8DA7-4600A70BE90C}.Debug|Any CPU.Build.0 = Debug|Any CPU
		{1255077B-029C-49BB-8DA7-4600A70BE90C}.Release|Any CPU.ActiveCfg = Release|Any CPU
		{1255077B-029C-49BB-8DA7-4600A70BE90C}.Release|Any CPU.Build.0 = Release|Any CPU
	EndGlobalSection
	GlobalSection(SolutionProperties) = preSolution
		HideSolutionNode = FALSE
	EndGlobalSection
	GlobalSection(ExtensibilityGlobals) = postSolution
		SolutionGuid = {2FAF636D-A4D8-431C-91FB-D2C2A11EBD13}
	EndGlobalSection
EndGlobal
